{
  "requires": true,
  "lockfileVersion": 1,
  "dependencies": {
    "@types/body-parser": {
      "version": "1.19.0",
      "resolved": "https://registry.npm.taobao.org/@types/body-parser/download/@types/body-parser-1.19.0.tgz?cache=0&sync_timestamp=1605053413067&other_urls=https%3A%2F%2Fregistry.npm.taobao.org%2F%40types%2Fbody-parser%2Fdownload%2F%40types%2Fbody-parser-1.19.0.tgz",
      "integrity": "sha1-BoWzxH6zAG/+0RfN1VFkth+AU48=",
      "requires": {
        "@types/connect": "*",
        "@types/node": "*"
      }
    },
    "@types/connect": {
      "version": "3.4.33",
      "resolved": "https://registry.npm.taobao.org/@types/connect/download/@types/connect-3.4.33.tgz?cache=0&sync_timestamp=1605053413191&other_urls=https%3A%2F%2Fregistry.npm.taobao.org%2F%40types%2Fconnect%2Fdownload%2F%40types%2Fconnect-3.4.33.tgz",
      "integrity": "sha1-MWEMkB7KVzuHE8MzCrxua59YhUY=",
      "requires": {
        "@types/node": "*"
      }
    },
    "@types/cookie": {
      "version": "0.4.0",
      "resolved": "https://registry.npm.taobao.org/@types/cookie/download/@types/cookie-0.4.0.tgz?cache=0&sync_timestamp=1605053444943&other_urls=https%3A%2F%2Fregistry.npm.taobao.org%2F%40types%2Fcookie%2Fdownload%2F%40types%2Fcookie-0.4.0.tgz",
      "integrity": "sha1-FPhUwPk9Mm452m47bzT303UT0Qg="
    },
    "@types/cors": {
      "version": "2.8.8",
      "resolved": "https://registry.npm.taobao.org/@types/cors/download/@types/cors-2.8.8.tgz",
      "integrity": "sha1-MXqNhWGZXGDjW54PyqjTZmDJgJI=",
      "requires": {
        "@types/express": "*"
      }
    },
    "@types/express": {
      "version": "4.17.9",
      "resolved": "https://registry.npm.taobao.org/@types/express/download/@types/express-4.17.9.tgz",
      "integrity": "sha1-9fLfat1wP/KEKK3VK97IoQkbCng=",
      "requires": {
        "@types/body-parser": "*",
        "@types/express-serve-static-core": "*",
        "@types/qs": "*",
        "@types/serve-static": "*"
      }
    },
    "@types/express-serve-static-core": {
      "version": "4.17.14",
      "resolved": "https://registry.npm.taobao.org/@types/express-serve-static-core/download/@types/express-serve-static-core-4.17.14.tgz",
      "integrity": "sha1-yr+R3r7rPLBLeY4s/5CIZOibYQY=",
      "requires": {
        "@types/node": "*",
        "@types/qs": "*",
        "@types/range-parser": "*"
      }
    },
    "@types/mime": {
      "version": "2.0.3",
      "resolved": "https://registry.npm.taobao.org/@types/mime/download/@types/mime-2.0.3.tgz",
      "integrity": "sha1-yJO3NyHbc2mZQ7/DZTsd63+qSjo="
    },
    "@types/node": {
      "version": "14.14.9",
      "resolved": "https://registry.npm.taobao.org/@types/node/download/@types/node-14.14.9.tgz?cache=0&sync_timestamp=1605819650853&other_urls=https%3A%2F%2Fregistry.npm.taobao.org%2F%40types%2Fnode%2Fdownload%2F%40types%2Fnode-14.14.9.tgz",
      "integrity": "sha1-BK/Jolxv+T2hTeq9ZdxESFtTyNY="
    },
    "@types/qs": {
      "version": "6.9.5",
      "resolved": "https://registry.npm.taobao.org/@types/qs/download/@types/qs-6.9.5.tgz?cache=0&sync_timestamp=1605055106687&other_urls=https%3A%2F%2Fregistry.npm.taobao.org%2F%40types%2Fqs%2Fdownload%2F%40types%2Fqs-6.9.5.tgz",
      "integrity": "sha1-Q0cRvdSete5p2QwdZ8NUqajssYs="
    },
    "@types/range-parser": {
      "version": "1.2.3",
      "resolved": "https://registry.npm.taobao.org/@types/range-parser/download/@types/range-parser-1.2.3.tgz?cache=0&sync_timestamp=1605055131867&other_urls=https%3A%2F%2Fregistry.npm.taobao.org%2F%40types%2Frange-parser%2Fdownload%2F%40types%2Frange-parser-1.2.3.tgz",
      "integrity": "sha1-fuMwunyq+5gJC+zoal7kQRWQTCw="
    },
    "@types/serve-static": {
      "version": "1.13.8",
      "resolved": "https://registry.npm.taobao.org/@types/serve-static/download/@types/serve-static-1.13.8.tgz?cache=0&sync_timestamp=1605657732347&other_urls=https%3A%2F%2Fregistry.npm.taobao.org%2F%40types%2Fserve-static%2Fdownload%2F%40types%2Fserve-static-1.13.8.tgz",
      "integrity": "sha1-hREp1DRDPHCCFIV0/+wmPVgwnEY=",
      "requires": {
        "@types/mime": "*",
        "@types/node": "*"
      }
    },
    "accepts": {
      "version": "1.3.7",
      "resolved": "https://registry.npm.taobao.org/accepts/download/accepts-1.3.7.tgz",
      "integrity": "sha1-UxvHJlF6OytB+FACHGzBXqq1B80=",
      "requires": {
        "mime-types": "~2.1.24",
        "negotiator": "0.6.2"
      }
    },
    "base64id": {
      "version": "2.0.0",
      "resolved": "https://registry.npm.taobao.org/base64id/download/base64id-2.0.0.tgz",
      "integrity": "sha1-J3Csa8R9MSr5eov5pjQ0LgzSXLY="
    },
    "component-emitter": {
      "version": "1.3.0",
      "resolved": "https://registry.npm.taobao.org/component-emitter/download/component-emitter-1.3.0.tgz",
      "integrity": "sha1-FuQHD7qK4ptnnyIVhT7hgasuq8A="
    },
    "cookie": {
      "version": "0.4.1",
      "resolved": "https://registry.npm.taobao.org/cookie/download/cookie-0.4.1.tgz",
      "integrity": "sha1-r9cT/ibr0hupXOth+agRblClN9E="
    },
    "cors": {
      "version": "2.8.5",
      "resolved": "https://registry.npm.taobao.org/cors/download/cors-2.8.5.tgz",
      "integrity": "sha1-6sEdpRWS3Ya58G9uesKTs9+HXSk=",
      "requires": {
        "object-assign": "^4",
        "vary": "^1"
      }
    },
    "debug": {
      "version": "4.1.1",
      "resolved": "https://registry.npm.taobao.org/debug/download/debug-4.1.1.tgz?cache=0&sync_timestamp=1605791507452&other_urls=https%3A%2F%2Fregistry.npm.taobao.org%2Fdebug%2Fdownload%2Fdebug-4.1.1.tgz",
      "integrity": "sha1-O3ImAlUQnGtYnO4FDx1RYTlmR5E=",
      "requires": {
        "ms": "^2.1.1"
      }
    },
    "engine.io": {
      "version": "4.0.4",
      "resolved": "https://registry.npm.taobao.org/engine.io/download/engine.io-4.0.4.tgz",
      "integrity": "sha1-jkrxMIJOjTpNsdv09xizhKDekmo=",
      "requires": {
        "accepts": "~1.3.4",
        "base64id": "2.0.0",
        "cookie": "~0.4.1",
        "cors": "~2.8.5",
        "debug": "~4.1.0",
        "engine.io-parser": "~4.0.0",
        "ws": "^7.1.2"
      }
    },
    "engine.io-parser": {
      "version": "4.0.1",
      "resolved": "https://registry.npm.taobao.org/engine.io-parser/download/engine.io-parser-4.0.1.tgz",
      "integrity": "sha1-ZETDzyUjuk/Du67dT+Ql5ryxZHk="
    },
    "mime-db": {
      "version": "1.44.0",
      "resolved": "https://registry.npm.taobao.org/mime-db/download/mime-db-1.44.0.tgz?cache=0&sync_timestamp=1600831255421&other_urls=https%3A%2F%2Fregistry.npm.taobao.org%2Fmime-db%2Fdownload%2Fmime-db-1.44.0.tgz",
      "integrity": "sha1-+hHF6wrKEzS0Izy01S8QxaYnL5I="
    },
    "mime-types": {
      "version": "2.1.27",
      "resolved": "https://registry.npm.taobao.org/mime-types/download/mime-types-2.1.27.tgz?cache=0&sync_timestamp=1587700357177&other_urls=https%3A%2F%2Fregistry.npm.taobao.org%2Fmime-types%2Fdownload%2Fmime-types-2.1.27.tgz",
      "integrity": "sha1-R5SfmOJ56lMRn1ci4PNOUpvsAJ8=",
      "requires": {
        "mime-db": "1.44.0"
      }
    },
    "ms": {
      "version": "2.1.2",
      "resolved": "https://registry.npm.taobao.org/ms/download/ms-2.1.2.tgz?cache=0&other_urls=https%3A%2F%2Fregistry.npm.taobao.org%2Fms%2Fdownload%2Fms-2.1.2.tgz",
      "integrity": "sha1-0J0fNXtEP0kzgqjrPM0YOHKuYAk="
    },
    "negotiator": {
      "version": "0.6.2",
      "resolved": "https://registry.npm.taobao.org/negotiator/download/negotiator-0.6.2.tgz",
      "integrity": "sha1-/qz3zPUlp3rpY0Q2pkiD/+yjRvs="
    },
    "object-assign": {
      "version": "4.1.1",
      "resolved": "https://registry.npm.taobao.org/object-assign/download/object-assign-4.1.1.tgz",
      "integrity": "sha1-IQmtx5ZYh8/AXLvUQsrIv7s2CGM="
    },
    "socket.io": {
      "version": "3.0.3",
      "resolved": "https://registry.npm.taobao.org/socket.io/download/socket.io-3.0.3.tgz?cache=0&sync_timestamp=1605747250345&other_urls=https%3A%2F%2Fregistry.npm.taobao.org%2Fsocket.io%2Fdownload%2Fsocket.io-3.0.3.tgz",
      "integrity": "sha1-8pbpWxQHfTDnfmlYSWIVFBkaWfU=",
      "requires": {
        "@types/cookie": "^0.4.0",
        "@types/cors": "^2.8.8",
        "@types/node": "^14.14.7",
        "accepts": "~1.3.4",
        "base64id": "~2.0.0",
        "debug": "~4.1.0",
        "engine.io": "~4.0.0",
        "socket.io-adapter": "~2.0.3",
        "socket.io-parser": "~4.0.1"
      }
    },
    "socket.io-adapter": {
      "version": "2.0.3",
      "resolved": "https://registry.npm.taobao.org/socket.io-adapter/download/socket.io-adapter-2.0.3.tgz?cache=0&sync_timestamp=1604588204517&other_urls=https%3A%2F%2Fregistry.npm.taobao.org%2Fsocket.io-adapter%2Fdownload%2Fsocket.io-adapter-2.0.3.tgz",
      "integrity": "sha1-Nyt83npTX8T08NWsf3OVKjBi1Dg="
    },
    "socket.io-parser": {
      "version": "4.0.1",
      "resolved": "https://registry.npm.taobao.org/socket.io-parser/download/socket.io-parser-4.0.1.tgz?cache=0&sync_timestamp=1604587404483&other_urls=https%3A%2F%2Fregistry.npm.taobao.org%2Fsocket.io-parser%2Fdownload%2Fsocket.io-parser-4.0.1.tgz",
      "integrity": "sha1-uOyENkxzaa0yrgwW3U04jbGbOgQ=",
      "requires": {
        "component-emitter": "~1.3.0",
        "debug": "~4.1.0"
      }
    },
    "vary": {
      "version": "1.1.2",
      "resolved": "https://registry.npm.taobao.org/vary/download/vary-1.1.2.tgz",
      "integrity": "sha1-IpnwLG3tMNSllhsLn3RSShj2NPw="
    },
    "ws": {
      "version": "7.4.0",
      "resolved": "https://registry.npm.taobao.org/ws/download/ws-7.4.0.tgz",
      "integrity": "sha1-pd12okGXlA1Ki7ng4VK7RQN2Tac="
    }
  }
}
